
Microsoft Visual Studio Solution File, Format Version 12.00
# Visual Studio Version 16
VisualStudioVersion = 16.0.30611.23
MinimumVisualStudioVersion = 10.0.40219.1
Project("{FAE04EC0-301F-11D3-BF4B-00C04F79EFBC}") = "ControlNumericTextBox", "ControlNumericTextBox\ControlNumericTextBox.csproj", "{27855C45-F993-4990-927D-1BD977F6B993}"
EndProject
Project("{FAE04EC0-301F-11D3-BF4B-00C04F79EFBC}") = "WindowsFormsAppTextBox", "WindowsFormsAppTextBox\WindowsFormsAppTextBox.csproj", "{50B81616-13A5-4184-89B4-2A416707B810}"
EndProject
Global
	GlobalSection(SolutionConfigurationPlatforms) = preSolution
		Debug|Any CPU = Debug|Any CPU
		Release|Any CPU = Release|Any CPU
	EndGlobalSection
	GlobalSection(ProjectConfigurationPlatforms) = postSolution
		{27855C45-F993-4990-927D-1BD977F6B993}.Debug|Any CPU.ActiveCfg = Debug|Any CPU
		{27855C45-F993-4990-927D-1BD977F6B993}.Debug|Any CPU.Build.0 = Debug|Any CPU
		{27855C45-F993-4990-927D-1BD977F6B993}.Release|Any CPU.ActiveCfg = Release|Any CPU
		{27855C45-F993-4990-927D-1BD977F6B993}.Release|Any CPU.Build.0 = Release|Any CPU
		{50B81616-13A5-4184-89B4-2A416707B810}.Debug|Any CPU.ActiveCfg = Debug|Any CPU
		{50B81616-13A5-4184-89B4-2A416707B810}.Debug|Any CPU.Build.0 = Debug|Any CPU
		{50B81616-13A5-4184-89B4-2A416707B810}.Release|Any CPU.ActiveCfg = Release|Any CPU
		{50B81616-13A5-4184-89B4-2A416707B810}.Release|Any CPU.Build.0 = Release|Any CPU
	EndGlobalSection
	GlobalSection(SolutionProperties) = preSolution
		HideSolutionNode = FALSE
	EndGlobalSection
	GlobalSection(ExtensibilityGlobals) = postSolution
		SolutionGuid = {01897509-85D5-464D-BF09-BDE58A9F0F34}
	EndGlobalSection
EndGlobal
